
Microsoft Visual Studio Solution File, Format Version 12.00
# Visual Studio Version 17
VisualStudioVersion = 17.10.34916.146
MinimumVisualStudioVersion = 10.0.40219.1
Project("{9A19103F-16F7-4668-BE54-9A1E7A4F7556}") = "MindboxInterntest", "Mindbox Intern test\MindboxInterntest.csproj", "{9B4A080B-BF50-413E-9B3D-C021B091E107}"
EndProject
Project("{9A19103F-16F7-4668-BE54-9A1E7A4F7556}") = "ConsoleApp1", "ConsoleApp1\ConsoleApp1.csproj", "{33DCB6AD-2062-4555-A76F-4479AD4B160B}"
EndProject
Project("{9A19103F-16F7-4668-BE54-9A1E7A4F7556}") = "TestProject1", "TestProject1\TestProject1.csproj", "{233FF44E-DBFE-47B0-9421-AFDC3E1C1384}"
EndProject
Project("{2150E333-8FDC-42A3-9474-1A3956D46DE8}") = "Элементы решения", "Элементы решения", "{B0909536-A65C-44D5-9888-4A501E4D4C8F}"
	ProjectSection(SolutionItems) = preProject
		Comments.txt = Comments.txt
		File.yaml = File.yaml
	EndProjectSection
EndProject
Global
	GlobalSection(SolutionConfigurationPlatforms) = preSolution
		Debug|Any CPU = Debug|Any CPU
		Release|Any CPU = Release|Any CPU
	EndGlobalSection
	GlobalSection(ProjectConfigurationPlatforms) = postSolution
		{9B4A080B-BF50-413E-9B3D-C021B091E107}.Debug|Any CPU.ActiveCfg = Debug|Any CPU
		{9B4A080B-BF50-413E-9B3D-C021B091E107}.Debug|Any CPU.Build.0 = Debug|Any CPU
		{9B4A080B-BF50-413E-9B3D-C021B091E107}.Release|Any CPU.ActiveCfg = Release|Any CPU
		{9B4A080B-BF50-413E-9B3D-C021B091E107}.Release|Any CPU.Build.0 = Release|Any CPU
		{33DCB6AD-2062-4555-A76F-4479AD4B160B}.Debug|Any CPU.ActiveCfg = Debug|Any CPU
		{33DCB6AD-2062-4555-A76F-4479AD4B160B}.Debug|Any CPU.Build.0 = Debug|Any CPU
		{33DCB6AD-2062-4555-A76F-4479AD4B160B}.Release|Any CPU.ActiveCfg = Release|Any CPU
		{33DCB6AD-2062-4555-A76F-4479AD4B160B}.Release|Any CPU.Build.0 = Release|Any CPU
		{233FF44E-DBFE-47B0-9421-AFDC3E1C1384}.Debug|Any CPU.ActiveCfg = Debug|Any CPU
		{233FF44E-DBFE-47B0-9421-AFDC3E1C1384}.Debug|Any CPU.Build.0 = Debug|Any CPU
		{233FF44E-DBFE-47B0-9421-AFDC3E1C1384}.Release|Any CPU.ActiveCfg = Release|Any CPU
		{233FF44E-DBFE-47B0-9421-AFDC3E1C1384}.Release|Any CPU.Build.0 = Release|Any CPU
	EndGlobalSection
	GlobalSection(SolutionProperties) = preSolution
		HideSolutionNode = FALSE
	EndGlobalSection
	GlobalSection(ExtensibilityGlobals) = postSolution
		SolutionGuid = {8B48E7EE-8F71-42EA-BB44-9C28A6D21715}
	EndGlobalSection
EndGlobal
